
Microsoft Visual Studio Solution File, Format Version 12.00
# Visual Studio Version 17
VisualStudioVersion = 17.8.34330.188
MinimumVisualStudioVersion = 10.0.40219.1
Project("{2150E333-8FDC-42A3-9474-1A3956D46DE8}") = "Task0", "Task0", "{FF81F6EC-3CF9-4B3C-A507-2B501E60F57B}"
EndProject
Project("{9A19103F-16F7-4668-BE54-9A1E7A4F7556}") = "Tyuiu.MaglevaniyBA.Sprint1.Task0.V21", "Tyuiu.MaglevaniyBA.Sprint1.Task0.V21\Tyuiu.MaglevaniyBA.Sprint1.Task0.V21.csproj", "{53830436-470B-4E04-878E-264F64DD2A55}"
EndProject
Project("{9A19103F-16F7-4668-BE54-9A1E7A4F7556}") = "Tyuiu.MaglevaniyBA.Sprint1.Task0.V21.Lib", "Tyuiu.MaglevaniyBA.Sprint1.Task0.V21.Lib\Tyuiu.MaglevaniyBA.Sprint1.Task0.V21.Lib.csproj", "{96FD31E0-083E-43A5-91D1-9CFE75C7A7F4}"
EndProject
Project("{9A19103F-16F7-4668-BE54-9A1E7A4F7556}") = "Tyuiu.MaglevaniyBA.Sprint1.Task0.V21.Test", "Tyuiu.MaglevaniyBA.Sprint1.Task0.V21.Test\Tyuiu.MaglevaniyBA.Sprint1.Task0.V21.Test.csproj", "{1E7A252B-948E-41AA-A948-B1817538DFD6}"
EndProject
Project("{2150E333-8FDC-42A3-9474-1A3956D46DE8}") = "Task1", "Task1", "{04AEF282-807C-462C-B807-A9ADF005B5AE}"
EndProject
Project("{9A19103F-16F7-4668-BE54-9A1E7A4F7556}") = "Tyuiu.MaglevaniyBA.Sprint1.Task1.V11", "Tyuiu.MaglevaniyBA.Sprint1.Task1.V11\Tyuiu.MaglevaniyBA.Sprint1.Task1.V11.csproj", "{71687606-5050-4B2C-AC19-B9386B340F20}"
EndProject
Project("{9A19103F-16F7-4668-BE54-9A1E7A4F7556}") = "Tyuiu.MaglevaniyBA.Sprint1.Task1.V11.Lib", "Tyuiu.MaglevaniyBA.Sprint1.Task1.V11.Lib\Tyuiu.MaglevaniyBA.Sprint1.Task1.V11.Lib.csproj", "{9A525D35-BBBA-4753-982C-C508D53B02D8}"
EndProject
Project("{9A19103F-16F7-4668-BE54-9A1E7A4F7556}") = "Tyuiu.MaglevaniyBA.Sprint1.Task1.V11.Test", "Tyuiu.MaglevaniyBA.Sprint1.Task1.V11.Test\Tyuiu.MaglevaniyBA.Sprint1.Task1.V11.Test.csproj", "{FCCC648B-6BE7-4333-AB84-204271B6FAC1}"
EndProject
Project("{2150E333-8FDC-42A3-9474-1A3956D46DE8}") = "Task2", "Task2", "{AEB8C188-A0A3-442B-8EF2-69E41ABB57FC}"
EndProject
Project("{9A19103F-16F7-4668-BE54-9A1E7A4F7556}") = "Tyuiu.MaglevaniyBA.Sprint1.Task2.V29", "Tyuiu.MaglevaniyBA.Sprint1.Task2.V29\Tyuiu.MaglevaniyBA.Sprint1.Task2.V29.csproj", "{EFCE4FDF-6F4D-460A-BA96-C829F492A7A0}"
EndProject
Project("{9A19103F-16F7-4668-BE54-9A1E7A4F7556}") = "Tyuiu.MaglevaniyBA.Sprint1.Task2.V29.Lib", "Tyuiu.MaglevaniyBA.Sprint1.Task2.V29.Lib\Tyuiu.MaglevaniyBA.Sprint1.Task2.V29.Lib.csproj", "{154B3596-08C3-4629-A31B-3E80C33B81A6}"
EndProject
Project("{9A19103F-16F7-4668-BE54-9A1E7A4F7556}") = "Tyuiu.MaglevaniyBA.Sprint1.Task2.V29.Test", "Tyuiu.MaglevaniyBA.Sprint1.Task2.V29.Test\Tyuiu.MaglevaniyBA.Sprint1.Task2.V29.Test.csproj", "{26904B38-1F5A-498F-9FB9-73EE6AF0F39F}"
EndProject
Project("{2150E333-8FDC-42A3-9474-1A3956D46DE8}") = "Task3", "Task3", "{41BF436E-BB0A-4007-B920-CCE2B9ACA7DF}"
EndProject
Project("{9A19103F-16F7-4668-BE54-9A1E7A4F7556}") = "Tyuiu.MaglevaniyBA.Sprint1.Task3.V6", "Tyuiu.MaglevaniyBA.Sprint1.Task3.V6\Tyuiu.MaglevaniyBA.Sprint1.Task3.V6.csproj", "{0C2C4F52-FECA-4BAB-901E-F94B75DE65F1}"
EndProject
Project("{9A19103F-16F7-4668-BE54-9A1E7A4F7556}") = "Tyuiu.MaglevaniyBA.Sprint1.Task3.V6.Lib", "Tyuiu.MaglevaniyBA.Sprint1.Task3.V6.Lib\Tyuiu.MaglevaniyBA.Sprint1.Task3.V6.Lib.csproj", "{BA1C818E-F4FA-4E05-B79E-540689DA904F}"
EndProject
Project("{9A19103F-16F7-4668-BE54-9A1E7A4F7556}") = "Tyuiu.MaglevaniyBA.Sprint1.Task3.V6.Test", "Tyuiu.MaglevaniyBA.Sprint1.Task3.V6.Test\Tyuiu.MaglevaniyBA.Sprint1.Task3.V6.Test.csproj", "{CFDB4FAD-F3C3-4AC8-82B7-5261CE8870B5}"
EndProject
Project("{2150E333-8FDC-42A3-9474-1A3956D46DE8}") = "Task4", "Task4", "{103992A1-1BE6-4501-B4B5-7A14CEBCEBCE}"
EndProject
Project("{FAE04EC0-301F-11D3-BF4B-00C04F79EFBC}") = "Tyuiu.MaglevaniyBA.Sprint1.Task4.V2", "Tyuiu.MaglevaniyBA.Sprint1.Task4.V2\Tyuiu.MaglevaniyBA.Sprint1.Task4.V2.csproj", "{173A134A-533B-4362-B7D2-CF12C3B9D846}"
EndProject
Project("{FAE04EC0-301F-11D3-BF4B-00C04F79EFBC}") = "Tyuiu.MaglevaniyBA.Sprint1.Task4.V2.Lib", "Tyuiu.MaglevaniyBA.Sprint1.Task4.V2.Lib\Tyuiu.MaglevaniyBA.Sprint1.Task4.V2.Lib.csproj", "{2DB0A840-1BF1-4972-A973-6601D7481F3F}"
EndProject
Project("{FAE04EC0-301F-11D3-BF4B-00C04F79EFBC}") = "Tyuiu.MaglevaniyBA.Sprint1.Task4.V2.Test", "Tyuiu.MaglevaniyBA.Sprint1.Task4.V2.Test\Tyuiu.MaglevaniyBA.Sprint1.Task4.V2.Test.csproj", "{9C861398-8720-4AEE-8F6E-4657280E0BBB}"
EndProject
Project("{2150E333-8FDC-42A3-9474-1A3956D46DE8}") = "Task5", "Task5", "{9C381003-6391-4442-B98F-8ABFAEF8BCDC}"
EndProject
Project("{FAE04EC0-301F-11D3-BF4B-00C04F79EFBC}") = "Tyuiu.MaglevaniyBA.Sprint1.Task5.V2", "Tyuiu.MaglevaniyBA.Sprint1.Task5.V2\Tyuiu.MaglevaniyBA.Sprint1.Task5.V2.csproj", "{8B9487BE-FD40-4243-BA74-7E54D268511B}"
EndProject
Project("{FAE04EC0-301F-11D3-BF4B-00C04F79EFBC}") = "Tyuiu.MaglevaniyBA.Sprint1.Task5.V2.Lib", "Tyuiu.MaglevaniyBA.Sprint1.Task5.V2.Lib\Tyuiu.MaglevaniyBA.Sprint1.Task5.V2.Lib.csproj", "{32823EBF-6C00-4B17-9258-CE490F065AC8}"
EndProject
Project("{FAE04EC0-301F-11D3-BF4B-00C04F79EFBC}") = "Tyuiu.MaglevaniyBA.Sprint1.Task5.V2.Test", "Tyuiu.MaglevaniyBA.Sprint1.Task5.V2.Test\Tyuiu.MaglevaniyBA.Sprint1.Task5.V2.Test.csproj", "{F6E2696A-ADAB-4E6C-84F6-10D776CFBA5B}"
EndProject
Global
	GlobalSection(SolutionConfigurationPlatforms) = preSolution
		Debug|Any CPU = Debug|Any CPU
		Release|Any CPU = Release|Any CPU
	EndGlobalSection
	GlobalSection(ProjectConfigurationPlatforms) = postSolution
		{53830436-470B-4E04-878E-264F64DD2A55}.Debug|Any CPU.ActiveCfg = Debug|Any CPU
		{53830436-470B-4E04-878E-264F64DD2A55}.Debug|Any CPU.Build.0 = Debug|Any CPU
		{53830436-470B-4E04-878E-264F64DD2A55}.Release|Any CPU.ActiveCfg = Release|Any CPU
		{53830436-470B-4E04-878E-264F64DD2A55}.Release|Any CPU.Build.0 = Release|Any CPU
		{96FD31E0-083E-43A5-91D1-9CFE75C7A7F4}.Debug|Any CPU.ActiveCfg = Debug|Any CPU
		{96FD31E0-083E-43A5-91D1-9CFE75C7A7F4}.Debug|Any CPU.Build.0 = Debug|Any CPU
		{96FD31E0-083E-43A5-91D1-9CFE75C7A7F4}.Release|Any CPU.ActiveCfg = Release|Any CPU
		{96FD31E0-083E-43A5-91D1-9CFE75C7A7F4}.Release|Any CPU.Build.0 = Release|Any CPU
		{1E7A252B-948E-41AA-A948-B1817538DFD6}.Debug|Any CPU.ActiveCfg = Debug|Any CPU
		{1E7A252B-948E-41AA-A948-B1817538DFD6}.Debug|Any CPU.Build.0 = Debug|Any CPU
		{1E7A252B-948E-41AA-A948-B1817538DFD6}.Release|Any CPU.ActiveCfg = Release|Any CPU
		{1E7A252B-948E-41AA-A948-B1817538DFD6}.Release|Any CPU.Build.0 = Release|Any CPU
		{71687606-5050-4B2C-AC19-B9386B340F20}.Debug|Any CPU.ActiveCfg = Debug|Any CPU
		{71687606-5050-4B2C-AC19-B9386B340F20}.Debug|Any CPU.Build.0 = Debug|Any CPU
		{71687606-5050-4B2C-AC19-B9386B340F20}.Release|Any CPU.ActiveCfg = Release|Any CPU
		{71687606-5050-4B2C-AC19-B9386B340F20}.Release|Any CPU.Build.0 = Release|Any CPU
		{9A525D35-BBBA-4753-982C-C508D53B02D8}.Debug|Any CPU.ActiveCfg = Debug|Any CPU
		{9A525D35-BBBA-4753-982C-C508D53B02D8}.Debug|Any CPU.Build.0 = Debug|Any CPU
		{9A525D35-BBBA-4753-982C-C508D53B02D8}.Release|Any CPU.ActiveCfg = Release|Any CPU
		{9A525D35-BBBA-4753-982C-C508D53B02D8}.Release|Any CPU.Build.0 = Release|Any CPU
		{FCCC648B-6BE7-4333-AB84-204271B6FAC1}.Debug|Any CPU.ActiveCfg = Debug|Any CPU
		{FCCC648B-6BE7-4333-AB84-204271B6FAC1}.Debug|Any CPU.Build.0 = Debug|Any CPU
		{FCCC648B-6BE7-4333-AB84-204271B6FAC1}.Release|Any CPU.ActiveCfg = Release|Any CPU
		{FCCC648B-6BE7-4333-AB84-204271B6FAC1}.Release|Any CPU.Build.0 = Release|Any CPU
		{EFCE4FDF-6F4D-460A-BA96-C829F492A7A0}.Debug|Any CPU.ActiveCfg = Debug|Any CPU
		{EFCE4FDF-6F4D-460A-BA96-C829F492A7A0}.Debug|Any CPU.Build.0 = Debug|Any CPU
		{EFCE4FDF-6F4D-460A-BA96-C829F492A7A0}.Release|Any CPU.ActiveCfg = Release|Any CPU
		{EFCE4FDF-6F4D-460A-BA96-C829F492A7A0}.Release|Any CPU.Build.0 = Release|Any CPU
		{154B3596-08C3-4629-A31B-3E80C33B81A6}.Debug|Any CPU.ActiveCfg = Debug|Any CPU
		{154B3596-08C3-4629-A31B-3E80C33B81A6}.Debug|Any CPU.Build.0 = Debug|Any CPU
		{154B3596-08C3-4629-A31B-3E80C33B81A6}.Release|Any CPU.ActiveCfg = Release|Any CPU
		{154B3596-08C3-4629-A31B-3E80C33B81A6}.Release|Any CPU.Build.0 = Release|Any CPU
		{26904B38-1F5A-498F-9FB9-73EE6AF0F39F}.Debug|Any CPU.ActiveCfg = Debug|Any CPU
		{26904B38-1F5A-498F-9FB9-73EE6AF0F39F}.Debug|Any CPU.Build.0 = Debug|Any CPU
		{26904B38-1F5A-498F-9FB9-73EE6AF0F39F}.Release|Any CPU.ActiveCfg = Release|Any CPU
		{26904B38-1F5A-498F-9FB9-73EE6AF0F39F}.Release|Any CPU.Build.0 = Release|Any CPU
		{0C2C4F52-FECA-4BAB-901E-F94B75DE65F1}.Debug|Any CPU.ActiveCfg = Debug|Any CPU
		{0C2C4F52-FECA-4BAB-901E-F94B75DE65F1}.Debug|Any CPU.Build.0 = Debug|Any CPU
		{0C2C4F52-FECA-4BAB-901E-F94B75DE65F1}.Release|Any CPU.ActiveCfg = Release|Any CPU
		{0C2C4F52-FECA-4BAB-901E-F94B75DE65F1}.Release|Any CPU.Build.0 = Release|Any CPU
		{BA1C818E-F4FA-4E05-B79E-540689DA904F}.Debug|Any CPU.ActiveCfg = Debug|Any CPU
		{BA1C818E-F4FA-4E05-B79E-540689DA904F}.Debug|Any CPU.Build.0 = Debug|Any CPU
		{BA1C818E-F4FA-4E05-B79E-540689DA904F}.Release|Any CPU.ActiveCfg = Release|Any CPU
		{BA1C818E-F4FA-4E05-B79E-540689DA904F}.Release|Any CPU.Build.0 = Release|Any CPU
		{CFDB4FAD-F3C3-4AC8-82B7-5261CE8870B5}.Debug|Any CPU.ActiveCfg = Debug|Any CPU
		{CFDB4FAD-F3C3-4AC8-82B7-5261CE8870B5}.Debug|Any CPU.Build.0 = Debug|Any CPU
		{CFDB4FAD-F3C3-4AC8-82B7-5261CE8870B5}.Release|Any CPU.ActiveCfg = Release|Any CPU
		{CFDB4FAD-F3C3-4AC8-82B7-5261CE8870B5}.Release|Any CPU.Build.0 = Release|Any CPU
		{173A134A-533B-4362-B7D2-CF12C3B9D846}.Debug|Any CPU.ActiveCfg = Debug|Any CPU
		{173A134A-533B-4362-B7D2-CF12C3B9D846}.Debug|Any CPU.Build.0 = Debug|Any CPU
		{173A134A-533B-4362-B7D2-CF12C3B9D846}.Release|Any CPU.ActiveCfg = Release|Any CPU
		{173A134A-533B-4362-B7D2-CF12C3B9D846}.Release|Any CPU.Build.0 = Release|Any CPU
		{2DB0A840-1BF1-4972-A973-6601D7481F3F}.Debug|Any CPU.ActiveCfg = Debug|Any CPU
		{2DB0A840-1BF1-4972-A973-6601D7481F3F}.Debug|Any CPU.Build.0 = Debug|Any CPU
		{2DB0A840-1BF1-4972-A973-6601D7481F3F}.Release|Any CPU.ActiveCfg = Release|Any CPU
		{2DB0A840-1BF1-4972-A973-6601D7481F3F}.Release|Any CPU.Build.0 = Release|Any CPU
		{9C861398-8720-4AEE-8F6E-4657280E0BBB}.Debug|Any CPU.ActiveCfg = Debug|Any CPU
		{9C861398-8720-4AEE-8F6E-4657280E0BBB}.Debug|Any CPU.Build.0 = Debug|Any CPU
		{9C861398-8720-4AEE-8F6E-4657280E0BBB}.Release|Any CPU.ActiveCfg = Release|Any CPU
		{9C861398-8720-4AEE-8F6E-4657280E0BBB}.Release|Any CPU.Build.0 = Release|Any CPU
		{8B9487BE-FD40-4243-BA74-7E54D268511B}.Debug|Any CPU.ActiveCfg = Debug|Any CPU
		{8B9487BE-FD40-4243-BA74-7E54D268511B}.Debug|Any CPU.Build.0 = Debug|Any CPU
		{8B9487BE-FD40-4243-BA74-7E54D268511B}.Release|Any CPU.ActiveCfg = Release|Any CPU
		{8B9487BE-FD40-4243-BA74-7E54D268511B}.Release|Any CPU.Build.0 = Release|Any CPU
		{32823EBF-6C00-4B17-9258-CE490F065AC8}.Debug|Any CPU.ActiveCfg = Debug|Any CPU
		{32823EBF-6C00-4B17-9258-CE490F065AC8}.Debug|Any CPU.Build.0 = Debug|Any CPU
		{32823EBF-6C00-4B17-9258-CE490F065AC8}.Release|Any CPU.ActiveCfg = Release|Any CPU
		{32823EBF-6C00-4B17-9258-CE490F065AC8}.Release|Any CPU.Build.0 = Release|Any CPU
		{F6E2696A-ADAB-4E6C-84F6-10D776CFBA5B}.Debug|Any CPU.ActiveCfg = Debug|Any CPU
		{F6E2696A-ADAB-4E6C-84F6-10D776CFBA5B}.Debug|Any CPU.Build.0 = Debug|Any CPU
		{F6E2696A-ADAB-4E6C-84F6-10D776CFBA5B}.Release|Any CPU.ActiveCfg = Release|Any CPU
		{F6E2696A-ADAB-4E6C-84F6-10D776CFBA5B}.Release|Any CPU.Build.0 = Release|Any CPU
	EndGlobalSection
	GlobalSection(SolutionProperties) = preSolution
		HideSolutionNode = FALSE
	EndGlobalSection
	GlobalSection(NestedProjects) = preSolution
		{53830436-470B-4E04-878E-264F64DD2A55} = {FF81F6EC-3CF9-4B3C-A507-2B501E60F57B}
		{96FD31E0-083E-43A5-91D1-9CFE75C7A7F4} = {FF81F6EC-3CF9-4B3C-A507-2B501E60F57B}
		{1E7A252B-948E-41AA-A948-B1817538DFD6} = {FF81F6EC-3CF9-4B3C-A507-2B501E60F57B}
		{71687606-5050-4B2C-AC19-B9386B340F20} = {04AEF282-807C-462C-B807-A9ADF005B5AE}
		{9A525D35-BBBA-4753-982C-C508D53B02D8} = {04AEF282-807C-462C-B807-A9ADF005B5AE}
		{FCCC648B-6BE7-4333-AB84-204271B6FAC1} = {04AEF282-807C-462C-B807-A9ADF005B5AE}
		{EFCE4FDF-6F4D-460A-BA96-C829F492A7A0} = {AEB8C188-A0A3-442B-8EF2-69E41ABB57FC}
		{154B3596-08C3-4629-A31B-3E80C33B81A6} = {AEB8C188-A0A3-442B-8EF2-69E41ABB57FC}
		{26904B38-1F5A-498F-9FB9-73EE6AF0F39F} = {AEB8C188-A0A3-442B-8EF2-69E41ABB57FC}
		{0C2C4F52-FECA-4BAB-901E-F94B75DE65F1} = {41BF436E-BB0A-4007-B920-CCE2B9ACA7DF}
		{BA1C818E-F4FA-4E05-B79E-540689DA904F} = {41BF436E-BB0A-4007-B920-CCE2B9ACA7DF}
		{CFDB4FAD-F3C3-4AC8-82B7-5261CE8870B5} = {41BF436E-BB0A-4007-B920-CCE2B9ACA7DF}
		{173A134A-533B-4362-B7D2-CF12C3B9D846} = {103992A1-1BE6-4501-B4B5-7A14CEBCEBCE}
		{2DB0A840-1BF1-4972-A973-6601D7481F3F} = {103992A1-1BE6-4501-B4B5-7A14CEBCEBCE}
		{9C861398-8720-4AEE-8F6E-4657280E0BBB} = {103992A1-1BE6-4501-B4B5-7A14CEBCEBCE}
		{8B9487BE-FD40-4243-BA74-7E54D268511B} = {9C381003-6391-4442-B98F-8ABFAEF8BCDC}
		{32823EBF-6C00-4B17-9258-CE490F065AC8} = {9C381003-6391-4442-B98F-8ABFAEF8BCDC}
		{F6E2696A-ADAB-4E6C-84F6-10D776CFBA5B} = {9C381003-6391-4442-B98F-8ABFAEF8BCDC}
	EndGlobalSection
	GlobalSection(ExtensibilityGlobals) = postSolution
		SolutionGuid = {3003ED49-DF07-4500-9DD6-6BF4F64B5212}
	EndGlobalSection
EndGlobal
